
Microsoft Visual Studio Solution File, Format Version 11.00
# Visual Studio 2010
Project("{FAE04EC0-301F-11D3-BF4B-00C04F79EFBC}") = "BankProductCreator", "BankProductCreator\BankProductCreator.csproj", "{B15319FE-2C37-47FA-97F0-C924672526AE}"
EndProject
Global
	GlobalSection(SolutionConfigurationPlatforms) = preSolution
		Debug|x86 = Debug|x86
		Release|x86 = Release|x86
	EndGlobalSection
	GlobalSection(ProjectConfigurationPlatforms) = postSolution
		{B15319FE-2C37-47FA-97F0-C924672526AE}.Debug|x86.ActiveCfg = Debug|x86
		{B15319FE-2C37-47FA-97F0-C924672526AE}.Debug|x86.Build.0 = Debug|x86
		{B15319FE-2C37-47FA-97F0-C924672526AE}.Release|x86.ActiveCfg = Release|x86
		{B15319FE-2C37-47FA-97F0-C924672526AE}.Release|x86.Build.0 = Release|x86
	EndGlobalSection
	GlobalSection(SolutionProperties) = preSolution
		HideSolutionNode = FALSE
	EndGlobalSection
EndGlobal
